
Microsoft Visual Studio Solution File, Format Version 12.00
# Visual Studio Version 17
VisualStudioVersion = 17.14.36908.2
MinimumVisualStudioVersion = 10.0.40219.1
Project("{2150E333-8FDC-42A3-9474-1A3956D46DE8}") = "StudentDormitoryApp", "StudentDormitoryApp", "{02EA681E-C7D8-13C7-8484-4AC65E1B71E8}"
EndProject
Project("{FAE04EC0-301F-11D3-BF4B-00C04F79EFBC}") = "StudentDormitoryApp.Web", "StudentDormitoryApp.Web\StudentDormitoryApp.Web.csproj", "{EC0ECF7C-29CE-4BBF-BDC8-79D05C2280F1}"
EndProject
Project("{FAE04EC0-301F-11D3-BF4B-00C04F79EFBC}") = "StudentDormitoryApp.Domain", "StudentDormitoryApp.Domain\StudentDormitoryApp.Domain.csproj", "{D5C12333-CF3A-4241-B642-84A828F8CB5E}"
EndProject
Project("{FAE04EC0-301F-11D3-BF4B-00C04F79EFBC}") = "StudentDormitoryApp.Repository", "StudentDormitoryApp.Repository\StudentDormitoryApp.Repository.csproj", "{B5298371-715C-44CE-AA50-A129D144FC55}"
EndProject
Project("{FAE04EC0-301F-11D3-BF4B-00C04F79EFBC}") = "StudentDormitoryApp.Service", "StudentDormitoryApp.Service\StudentDormitoryApp.Service.csproj", "{ECFB1F20-1FF5-4897-93DA-7E4038E43811}"
EndProject
Global
	GlobalSection(SolutionConfigurationPlatforms) = preSolution
		Debug|Any CPU = Debug|Any CPU
		Release|Any CPU = Release|Any CPU
	EndGlobalSection
	GlobalSection(ProjectConfigurationPlatforms) = postSolution
		{EC0ECF7C-29CE-4BBF-BDC8-79D05C2280F1}.Debug|Any CPU.ActiveCfg = Debug|Any CPU
		{EC0ECF7C-29CE-4BBF-BDC8-79D05C2280F1}.Debug|Any CPU.Build.0 = Debug|Any CPU
		{EC0ECF7C-29CE-4BBF-BDC8-79D05C2280F1}.Release|Any CPU.ActiveCfg = Release|Any CPU
		{EC0ECF7C-29CE-4BBF-BDC8-79D05C2280F1}.Release|Any CPU.Build.0 = Release|Any CPU
		{D5C12333-CF3A-4241-B642-84A828F8CB5E}.Debug|Any CPU.ActiveCfg = Debug|Any CPU
		{D5C12333-CF3A-4241-B642-84A828F8CB5E}.Debug|Any CPU.Build.0 = Debug|Any CPU
		{D5C12333-CF3A-4241-B642-84A828F8CB5E}.Release|Any CPU.ActiveCfg = Release|Any CPU
		{D5C12333-CF3A-4241-B642-84A828F8CB5E}.Release|Any CPU.Build.0 = Release|Any CPU
		{B5298371-715C-44CE-AA50-A129D144FC55}.Debug|Any CPU.ActiveCfg = Debug|Any CPU
		{B5298371-715C-44CE-AA50-A129D144FC55}.Debug|Any CPU.Build.0 = Debug|Any CPU
		{B5298371-715C-44CE-AA50-A129D144FC55}.Release|Any CPU.ActiveCfg = Release|Any CPU
		{B5298371-715C-44CE-AA50-A129D144FC55}.Release|Any CPU.Build.0 = Release|Any CPU
		{ECFB1F20-1FF5-4897-93DA-7E4038E43811}.Debug|Any CPU.ActiveCfg = Debug|Any CPU
		{ECFB1F20-1FF5-4897-93DA-7E4038E43811}.Debug|Any CPU.Build.0 = Debug|Any CPU
		{ECFB1F20-1FF5-4897-93DA-7E4038E43811}.Release|Any CPU.ActiveCfg = Release|Any CPU
		{ECFB1F20-1FF5-4897-93DA-7E4038E43811}.Release|Any CPU.Build.0 = Release|Any CPU
	EndGlobalSection
	GlobalSection(SolutionProperties) = preSolution
		HideSolutionNode = FALSE
	EndGlobalSection
	GlobalSection(NestedProjects) = preSolution
		{EC0ECF7C-29CE-4BBF-BDC8-79D05C2280F1} = {02EA681E-C7D8-13C7-8484-4AC65E1B71E8}
		{D5C12333-CF3A-4241-B642-84A828F8CB5E} = {02EA681E-C7D8-13C7-8484-4AC65E1B71E8}
		{B5298371-715C-44CE-AA50-A129D144FC55} = {02EA681E-C7D8-13C7-8484-4AC65E1B71E8}
		{ECFB1F20-1FF5-4897-93DA-7E4038E43811} = {02EA681E-C7D8-13C7-8484-4AC65E1B71E8}
	EndGlobalSection
	GlobalSection(ExtensibilityGlobals) = postSolution
		SolutionGuid = {3888664F-76D4-4A97-B408-5BEC322D61A6}
	EndGlobalSection
EndGlobal
